
Microsoft Visual Studio Solution File, Format Version 12.00
# Visual Studio Version 16
VisualStudioVersion = 16.0.34902.97
MinimumVisualStudioVersion = 10.0.40219.1
Project("{FAE04EC0-301F-11D3-BF4B-00C04F79EFBC}") = "TravelConcessionLibrary", "TravelConcessionLibrary\TravelConcessionLibrary.csproj", "{D6FCDF39-BA0B-430A-BF96-31F4FCE9AF1A}"
EndProject
Project("{FAE04EC0-301F-11D3-BF4B-00C04F79EFBC}") = "TravelConcessionApp", "TravelConcessionApp\TravelConcessionApp.csproj", "{AF44E1CF-9B93-4D2C-8443-D7F03CC3CD7F}"
EndProject
Global
	GlobalSection(SolutionConfigurationPlatforms) = preSolution
		Debug|Any CPU = Debug|Any CPU
		Release|Any CPU = Release|Any CPU
	EndGlobalSection
	GlobalSection(ProjectConfigurationPlatforms) = postSolution
		{D6FCDF39-BA0B-430A-BF96-31F4FCE9AF1A}.Debug|Any CPU.ActiveCfg = Debug|Any CPU
		{D6FCDF39-BA0B-430A-BF96-31F4FCE9AF1A}.Debug|Any CPU.Build.0 = Debug|Any CPU
		{D6FCDF39-BA0B-430A-BF96-31F4FCE9AF1A}.Release|Any CPU.ActiveCfg = Release|Any CPU
		{D6FCDF39-BA0B-430A-BF96-31F4FCE9AF1A}.Release|Any CPU.Build.0 = Release|Any CPU
		{AF44E1CF-9B93-4D2C-8443-D7F03CC3CD7F}.Debug|Any CPU.ActiveCfg = Debug|Any CPU
		{AF44E1CF-9B93-4D2C-8443-D7F03CC3CD7F}.Debug|Any CPU.Build.0 = Debug|Any CPU
		{AF44E1CF-9B93-4D2C-8443-D7F03CC3CD7F}.Release|Any CPU.ActiveCfg = Release|Any CPU
		{AF44E1CF-9B93-4D2C-8443-D7F03CC3CD7F}.Release|Any CPU.Build.0 = Release|Any CPU
	EndGlobalSection
	GlobalSection(SolutionProperties) = preSolution
		HideSolutionNode = FALSE
	EndGlobalSection
	GlobalSection(ExtensibilityGlobals) = postSolution
		SolutionGuid = {BED92C62-609B-49D5-88F9-E663BE6E72F2}
	EndGlobalSection
EndGlobal
