
Microsoft Visual Studio Solution File, Format Version 12.00
# Visual Studio Version 16
VisualStudioVersion = 16.0.34902.97
MinimumVisualStudioVersion = 10.0.40219.1
Project("{FAE04EC0-301F-11D3-BF4B-00C04F79EFBC}") = "questionno_7", "questionno_7\questionno_7.csproj", "{6635BD9F-5721-4701-B3A9-3C8DAC17AC8A}"
EndProject
Global
	GlobalSection(SolutionConfigurationPlatforms) = preSolution
		Debug|Any CPU = Debug|Any CPU
		Release|Any CPU = Release|Any CPU
	EndGlobalSection
	GlobalSection(ProjectConfigurationPlatforms) = postSolution
		{6635BD9F-5721-4701-B3A9-3C8DAC17AC8A}.Debug|Any CPU.ActiveCfg = Debug|Any CPU
		{6635BD9F-5721-4701-B3A9-3C8DAC17AC8A}.Debug|Any CPU.Build.0 = Debug|Any CPU
		{6635BD9F-5721-4701-B3A9-3C8DAC17AC8A}.Release|Any CPU.ActiveCfg = Release|Any CPU
		{6635BD9F-5721-4701-B3A9-3C8DAC17AC8A}.Release|Any CPU.Build.0 = Release|Any CPU
	EndGlobalSection
	GlobalSection(SolutionProperties) = preSolution
		HideSolutionNode = FALSE
	EndGlobalSection
	GlobalSection(ExtensibilityGlobals) = postSolution
		SolutionGuid = {C3D8144D-ACDD-43C7-B4B4-AA42DAF36BB3}
	EndGlobalSection
EndGlobal
