
Microsoft Visual Studio Solution File, Format Version 12.00
# Visual Studio Version 16
VisualStudioVersion = 16.0.34902.97
MinimumVisualStudioVersion = 10.0.40219.1
Project("{FAE04EC0-301F-11D3-BF4B-00C04F79EFBC}") = "CC2", "CC2\CC2.csproj", "{8182314E-D0BC-494A-85DB-0650C33433BA}"
EndProject
Global
	GlobalSection(SolutionConfigurationPlatforms) = preSolution
		Debug|Any CPU = Debug|Any CPU
		Release|Any CPU = Release|Any CPU
	EndGlobalSection
	GlobalSection(ProjectConfigurationPlatforms) = postSolution
		{8182314E-D0BC-494A-85DB-0650C33433BA}.Debug|Any CPU.ActiveCfg = Debug|Any CPU
		{8182314E-D0BC-494A-85DB-0650C33433BA}.Debug|Any CPU.Build.0 = Debug|Any CPU
		{8182314E-D0BC-494A-85DB-0650C33433BA}.Release|Any CPU.ActiveCfg = Release|Any CPU
		{8182314E-D0BC-494A-85DB-0650C33433BA}.Release|Any CPU.Build.0 = Release|Any CPU
	EndGlobalSection
	GlobalSection(SolutionProperties) = preSolution
		HideSolutionNode = FALSE
	EndGlobalSection
	GlobalSection(ExtensibilityGlobals) = postSolution
		SolutionGuid = {FB43EA22-2020-44CE-BC7A-F1C601F5ED33}
	EndGlobalSection
EndGlobal
