
Microsoft Visual Studio Solution File, Format Version 12.00
# Visual Studio Version 16
VisualStudioVersion = 16.0.34902.97
MinimumVisualStudioVersion = 10.0.40219.1
Project("{FAE04EC0-301F-11D3-BF4B-00C04F79EFBC}") = "Combined_code", "Combined_code\Combined_code.csproj", "{8D9B00AA-BDC2-4623-A3B9-DD3BCEFEEEE0}"
EndProject
Global
	GlobalSection(SolutionConfigurationPlatforms) = preSolution
		Debug|Any CPU = Debug|Any CPU
		Release|Any CPU = Release|Any CPU
	EndGlobalSection
	GlobalSection(ProjectConfigurationPlatforms) = postSolution
		{8D9B00AA-BDC2-4623-A3B9-DD3BCEFEEEE0}.Debug|Any CPU.ActiveCfg = Debug|Any CPU
		{8D9B00AA-BDC2-4623-A3B9-DD3BCEFEEEE0}.Debug|Any CPU.Build.0 = Debug|Any CPU
		{8D9B00AA-BDC2-4623-A3B9-DD3BCEFEEEE0}.Release|Any CPU.ActiveCfg = Release|Any CPU
		{8D9B00AA-BDC2-4623-A3B9-DD3BCEFEEEE0}.Release|Any CPU.Build.0 = Release|Any CPU
	EndGlobalSection
	GlobalSection(SolutionProperties) = preSolution
		HideSolutionNode = FALSE
	EndGlobalSection
	GlobalSection(ExtensibilityGlobals) = postSolution
		SolutionGuid = {46515495-E3C0-49B4-9830-88D33A5A547C}
	EndGlobalSection
EndGlobal
