
Microsoft Visual Studio Solution File, Format Version 12.00
# Visual Studio Version 16
VisualStudioVersion = 16.0.34902.97
MinimumVisualStudioVersion = 10.0.40219.1
Project("{FAE04EC0-301F-11D3-BF4B-00C04F79EFBC}") = "Disconnected_Eg1", "Disconnected_Eg1\Disconnected_Eg1.csproj", "{6293E1C9-CC6F-48EF-866A-B3C40D90F8D1}"
EndProject
Global
	GlobalSection(SolutionConfigurationPlatforms) = preSolution
		Debug|Any CPU = Debug|Any CPU
		Release|Any CPU = Release|Any CPU
	EndGlobalSection
	GlobalSection(ProjectConfigurationPlatforms) = postSolution
		{6293E1C9-CC6F-48EF-866A-B3C40D90F8D1}.Debug|Any CPU.ActiveCfg = Debug|Any CPU
		{6293E1C9-CC6F-48EF-866A-B3C40D90F8D1}.Debug|Any CPU.Build.0 = Debug|Any CPU
		{6293E1C9-CC6F-48EF-866A-B3C40D90F8D1}.Release|Any CPU.ActiveCfg = Release|Any CPU
		{6293E1C9-CC6F-48EF-866A-B3C40D90F8D1}.Release|Any CPU.Build.0 = Release|Any CPU
	EndGlobalSection
	GlobalSection(SolutionProperties) = preSolution
		HideSolutionNode = FALSE
	EndGlobalSection
	GlobalSection(ExtensibilityGlobals) = postSolution
		SolutionGuid = {19D18BF6-3DAB-49C4-8C74-2860325FFC2A}
	EndGlobalSection
EndGlobal
