
Microsoft Visual Studio Solution File, Format Version 12.00
# Visual Studio Version 16
VisualStudioVersion = 16.0.35026.282
MinimumVisualStudioVersion = 10.0.40219.1
Project("{FAE04EC0-301F-11D3-BF4B-00C04F79EFBC}") = "Linq_to_sql", "Linq_to_sql\Linq_to_sql.csproj", "{5CE46559-2F13-44F6-B9D9-4A700BE419FA}"
EndProject
Global
	GlobalSection(SolutionConfigurationPlatforms) = preSolution
		Debug|Any CPU = Debug|Any CPU
		Release|Any CPU = Release|Any CPU
	EndGlobalSection
	GlobalSection(ProjectConfigurationPlatforms) = postSolution
		{5CE46559-2F13-44F6-B9D9-4A700BE419FA}.Debug|Any CPU.ActiveCfg = Debug|Any CPU
		{5CE46559-2F13-44F6-B9D9-4A700BE419FA}.Debug|Any CPU.Build.0 = Debug|Any CPU
		{5CE46559-2F13-44F6-B9D9-4A700BE419FA}.Release|Any CPU.ActiveCfg = Release|Any CPU
		{5CE46559-2F13-44F6-B9D9-4A700BE419FA}.Release|Any CPU.Build.0 = Release|Any CPU
	EndGlobalSection
	GlobalSection(SolutionProperties) = preSolution
		HideSolutionNode = FALSE
	EndGlobalSection
	GlobalSection(ExtensibilityGlobals) = postSolution
		SolutionGuid = {97F8C97A-2068-4F2F-8C01-05684661BB68}
	EndGlobalSection
EndGlobal
