
Microsoft Visual Studio Solution File, Format Version 12.00
# Visual Studio Version 16
VisualStudioVersion = 16.0.34902.97
MinimumVisualStudioVersion = 10.0.40219.1
Project("{FAE04EC0-301F-11D3-BF4B-00C04F79EFBC}") = "exercise", "exercise\exercise.csproj", "{FA8AB0A9-ACC5-412A-8CAC-1E3D24253DE5}"
EndProject
Global
	GlobalSection(SolutionConfigurationPlatforms) = preSolution
		Debug|Any CPU = Debug|Any CPU
		Release|Any CPU = Release|Any CPU
	EndGlobalSection
	GlobalSection(ProjectConfigurationPlatforms) = postSolution
		{FA8AB0A9-ACC5-412A-8CAC-1E3D24253DE5}.Debug|Any CPU.ActiveCfg = Debug|Any CPU
		{FA8AB0A9-ACC5-412A-8CAC-1E3D24253DE5}.Debug|Any CPU.Build.0 = Debug|Any CPU
		{FA8AB0A9-ACC5-412A-8CAC-1E3D24253DE5}.Release|Any CPU.ActiveCfg = Release|Any CPU
		{FA8AB0A9-ACC5-412A-8CAC-1E3D24253DE5}.Release|Any CPU.Build.0 = Release|Any CPU
	EndGlobalSection
	GlobalSection(SolutionProperties) = preSolution
		HideSolutionNode = FALSE
	EndGlobalSection
	GlobalSection(ExtensibilityGlobals) = postSolution
		SolutionGuid = {5DC8681A-6B86-4E62-AC8E-7BD3668D3CB7}
	EndGlobalSection
EndGlobal
