
Microsoft Visual Studio Solution File, Format Version 12.00
# Visual Studio Version 16
VisualStudioVersion = 16.0.34902.97
MinimumVisualStudioVersion = 10.0.40219.1
Project("{FAE04EC0-301F-11D3-BF4B-00C04F79EFBC}") = "Hands-On", "Hands-On\Hands-On.csproj", "{7062CEE1-58CD-4844-A79F-7C592214CEC2}"
EndProject
Global
	GlobalSection(SolutionConfigurationPlatforms) = preSolution
		Debug|Any CPU = Debug|Any CPU
		Release|Any CPU = Release|Any CPU
	EndGlobalSection
	GlobalSection(ProjectConfigurationPlatforms) = postSolution
		{7062CEE1-58CD-4844-A79F-7C592214CEC2}.Debug|Any CPU.ActiveCfg = Debug|Any CPU
		{7062CEE1-58CD-4844-A79F-7C592214CEC2}.Debug|Any CPU.Build.0 = Debug|Any CPU
		{7062CEE1-58CD-4844-A79F-7C592214CEC2}.Release|Any CPU.ActiveCfg = Release|Any CPU
		{7062CEE1-58CD-4844-A79F-7C592214CEC2}.Release|Any CPU.Build.0 = Release|Any CPU
	EndGlobalSection
	GlobalSection(SolutionProperties) = preSolution
		HideSolutionNode = FALSE
	EndGlobalSection
	GlobalSection(ExtensibilityGlobals) = postSolution
		SolutionGuid = {9ED881CE-135C-468B-B852-8C5D5C49A5D6}
	EndGlobalSection
EndGlobal
