
Microsoft Visual Studio Solution File, Format Version 12.00
# Visual Studio Version 16
VisualStudioVersion = 16.0.34902.97
MinimumVisualStudioVersion = 10.0.40219.1
Project("{FAE04EC0-301F-11D3-BF4B-00C04F79EFBC}") = "question_3", "question_3\question_3.csproj", "{F782466D-B711-47B7-95EF-B3B9FA93F68C}"
EndProject
Global
	GlobalSection(SolutionConfigurationPlatforms) = preSolution
		Debug|Any CPU = Debug|Any CPU
		Release|Any CPU = Release|Any CPU
	EndGlobalSection
	GlobalSection(ProjectConfigurationPlatforms) = postSolution
		{F782466D-B711-47B7-95EF-B3B9FA93F68C}.Debug|Any CPU.ActiveCfg = Debug|Any CPU
		{F782466D-B711-47B7-95EF-B3B9FA93F68C}.Debug|Any CPU.Build.0 = Debug|Any CPU
		{F782466D-B711-47B7-95EF-B3B9FA93F68C}.Release|Any CPU.ActiveCfg = Release|Any CPU
		{F782466D-B711-47B7-95EF-B3B9FA93F68C}.Release|Any CPU.Build.0 = Release|Any CPU
	EndGlobalSection
	GlobalSection(SolutionProperties) = preSolution
		HideSolutionNode = FALSE
	EndGlobalSection
	GlobalSection(ExtensibilityGlobals) = postSolution
		SolutionGuid = {261F40B7-BE0E-4A70-BA0B-3E1C1F842BDC}
	EndGlobalSection
EndGlobal
