
Microsoft Visual Studio Solution File, Format Version 12.00
# Visual Studio Version 16
VisualStudioVersion = 16.0.34902.97
MinimumVisualStudioVersion = 10.0.40219.1
Project("{FAE04EC0-301F-11D3-BF4B-00C04F79EFBC}") = "Assignment_05", "Assignment_05\Assignment_05.csproj", "{5B1FD3E1-589A-4DA4-9073-B56EB014B1B9}"
EndProject
Global
	GlobalSection(SolutionConfigurationPlatforms) = preSolution
		Debug|Any CPU = Debug|Any CPU
		Release|Any CPU = Release|Any CPU
	EndGlobalSection
	GlobalSection(ProjectConfigurationPlatforms) = postSolution
		{5B1FD3E1-589A-4DA4-9073-B56EB014B1B9}.Debug|Any CPU.ActiveCfg = Debug|Any CPU
		{5B1FD3E1-589A-4DA4-9073-B56EB014B1B9}.Debug|Any CPU.Build.0 = Debug|Any CPU
		{5B1FD3E1-589A-4DA4-9073-B56EB014B1B9}.Release|Any CPU.ActiveCfg = Release|Any CPU
		{5B1FD3E1-589A-4DA4-9073-B56EB014B1B9}.Release|Any CPU.Build.0 = Release|Any CPU
	EndGlobalSection
	GlobalSection(SolutionProperties) = preSolution
		HideSolutionNode = FALSE
	EndGlobalSection
	GlobalSection(ExtensibilityGlobals) = postSolution
		SolutionGuid = {30BE4BB5-EA3D-4824-B587-122927CB557A}
	EndGlobalSection
EndGlobal
