
Microsoft Visual Studio Solution File, Format Version 12.00
# Visual Studio Version 16
VisualStudioVersion = 16.0.34902.97
MinimumVisualStudioVersion = 10.0.40219.1
Project("{FAE04EC0-301F-11D3-BF4B-00C04F79EFBC}") = "operator_overloading", "operator_overloading\operator_overloading.csproj", "{D2959EFA-6AB5-4055-9876-650413E1DD33}"
EndProject
Global
	GlobalSection(SolutionConfigurationPlatforms) = preSolution
		Debug|Any CPU = Debug|Any CPU
		Release|Any CPU = Release|Any CPU
	EndGlobalSection
	GlobalSection(ProjectConfigurationPlatforms) = postSolution
		{D2959EFA-6AB5-4055-9876-650413E1DD33}.Debug|Any CPU.ActiveCfg = Debug|Any CPU
		{D2959EFA-6AB5-4055-9876-650413E1DD33}.Debug|Any CPU.Build.0 = Debug|Any CPU
		{D2959EFA-6AB5-4055-9876-650413E1DD33}.Release|Any CPU.ActiveCfg = Release|Any CPU
		{D2959EFA-6AB5-4055-9876-650413E1DD33}.Release|Any CPU.Build.0 = Release|Any CPU
	EndGlobalSection
	GlobalSection(SolutionProperties) = preSolution
		HideSolutionNode = FALSE
	EndGlobalSection
	GlobalSection(ExtensibilityGlobals) = postSolution
		SolutionGuid = {F2164074-EEAD-4E3C-BA61-2A0E2461718E}
	EndGlobalSection
EndGlobal
