
Microsoft Visual Studio Solution File, Format Version 12.00
# Visual Studio Version 16
VisualStudioVersion = 16.0.34902.97
MinimumVisualStudioVersion = 10.0.40219.1
Project("{FAE04EC0-301F-11D3-BF4B-00C04F79EFBC}") = "interface", "interface\interface.csproj", "{8EF273D8-B5C6-415C-B11E-485B88D06FB1}"
EndProject
Global
	GlobalSection(SolutionConfigurationPlatforms) = preSolution
		Debug|Any CPU = Debug|Any CPU
		Release|Any CPU = Release|Any CPU
	EndGlobalSection
	GlobalSection(ProjectConfigurationPlatforms) = postSolution
		{8EF273D8-B5C6-415C-B11E-485B88D06FB1}.Debug|Any CPU.ActiveCfg = Debug|Any CPU
		{8EF273D8-B5C6-415C-B11E-485B88D06FB1}.Debug|Any CPU.Build.0 = Debug|Any CPU
		{8EF273D8-B5C6-415C-B11E-485B88D06FB1}.Release|Any CPU.ActiveCfg = Release|Any CPU
		{8EF273D8-B5C6-415C-B11E-485B88D06FB1}.Release|Any CPU.Build.0 = Release|Any CPU
	EndGlobalSection
	GlobalSection(SolutionProperties) = preSolution
		HideSolutionNode = FALSE
	EndGlobalSection
	GlobalSection(ExtensibilityGlobals) = postSolution
		SolutionGuid = {DCEF4208-405E-4F59-897F-9AF9A5CA4159}
	EndGlobalSection
EndGlobal
